# generated by rye
# use `rye lock` or `rye sync` to update this lockfile
#
# last locked with the following flags:
#   pre: false
#   features: []
#   all-features: false
#   with-sources: false
#   generate-hashes: false
#   universal: false

-e file:.
annotated-types==0.7.0
    # via pydantic
boto3==1.35.99
    # via ecs-taskdef
botocore==1.35.99
    # via boto3
    # via s3transfer
coverage==7.6.10
    # via pytest-cov
iniconfig==2.0.0
    # via pytest
jmespath==1.0.1
    # via boto3
    # via botocore
packaging==24.2
    # via pytest
pluggy==1.5.0
    # via pytest
pydantic==2.10.5
    # via ecs-taskdef
pydantic-core==2.27.2
    # via pydantic
pytest==8.3.4
    # via pytest-cov
pytest-cov==6.0.0
python-dateutil==2.9.0.post0
    # via botocore
ruff==0.9.1
s3transfer==0.10.4
    # via boto3
six==1.17.0
    # via python-dateutil
typing-extensions==4.12.2
    # via pydantic
    # via pydantic-core
urllib3==2.3.0
    # via botocore
